
Microsoft Visual Studio Solution File, Format Version 12.00
# Visual Studio 15
VisualStudioVersion = 15.0.27428.2027
MinimumVisualStudioVersion = 10.0.40219.1
Project("{FAE04EC0-301F-11D3-BF4B-00C04F79EFBC}") = "Capstone2_TaskList", "Capstone2_TaskList\Capstone2_TaskList.csproj", "{3D75162A-EA4A-43DE-9B3E-883FFDA07314}"
EndProject
Global
	GlobalSection(SolutionConfigurationPlatforms) = preSolution
		Debug|Any CPU = Debug|Any CPU
		Release|Any CPU = Release|Any CPU
	EndGlobalSection
	GlobalSection(ProjectConfigurationPlatforms) = postSolution
		{3D75162A-EA4A-43DE-9B3E-883FFDA07314}.Debug|Any CPU.ActiveCfg = Debug|Any CPU
		{3D75162A-EA4A-43DE-9B3E-883FFDA07314}.Debug|Any CPU.Build.0 = Debug|Any CPU
		{3D75162A-EA4A-43DE-9B3E-883FFDA07314}.Release|Any CPU.ActiveCfg = Release|Any CPU
		{3D75162A-EA4A-43DE-9B3E-883FFDA07314}.Release|Any CPU.Build.0 = Release|Any CPU
	EndGlobalSection
	GlobalSection(SolutionProperties) = preSolution
		HideSolutionNode = FALSE
	EndGlobalSection
	GlobalSection(ExtensibilityGlobals) = postSolution
		SolutionGuid = {0B5E68CF-4443-43DD-83E1-E525EC7A052B}
	EndGlobalSection
EndGlobal
